PODS:
  - BigInt (3.1.0):
    - SipHash (~> 1.2)
  - CryptoSwift (0.13.0)
  - secp256k1.swift (0.1.4)
  - SipHash (1.2.2)

DEPENDENCIES:
  - BigInt
  - CryptoSwift
  - secp256k1.swift

SPEC REPOS:
  https://github.com/cocoapods/specs.git:
    - BigInt
    - CryptoSwift
    - secp256k1.swift
    - SipHash

SPEC CHECKSUMS:
  BigInt: 76b5dfdfa3e2e478d4ffdf161aeede5502e2742f
  CryptoSwift: 16e78bebf567bad1c87b2d58f6547f25b74c31aa
  secp256k1.swift: a7e7a214f6db6ce5db32cc6b2b45e5c4dd633634
  SipHash: fad90a4683e420c52ef28063063dbbce248ea6d4

PODFILE CHECKSUM: b9537f46fd971cd4a321e67f4098fee936de1339

COCOAPODS: 1.5.3
